
Microsoft Visual Studio Solution File, Format Version 12.00
# Visual Studio 2012
Project("{FAE04EC0-301F-11D3-BF4B-00C04F79EFBC}") = "CarouselViewDemo", "CarouselViewDemo\CarouselViewDemo.csproj", "{A1354ABF-ED0D-47CE-A912-D15878688F6A}"
EndProject
Global
	GlobalSection(SolutionConfigurationPlatforms) = preSolution
		Debug|iPhoneSimulator = Debug|iPhoneSimulator
		Release|iPhone = Release|iPhone
		Release|iPhoneSimulator = Release|iPhoneSimulator
		Debug|iPhone = Debug|iPhone
	EndGlobalSection
	GlobalSection(ProjectConfigurationPlatforms) = postSolution
		{A1354ABF-ED0D-47CE-A912-D15878688F6A}.Debug|iPhoneSimulator.ActiveCfg = Debug|iPhoneSimulator
		{A1354ABF-ED0D-47CE-A912-D15878688F6A}.Debug|iPhoneSimulator.Build.0 = Debug|iPhoneSimulator
		{A1354ABF-ED0D-47CE-A912-D15878688F6A}.Release|iPhone.ActiveCfg = Release|iPhone
		{A1354ABF-ED0D-47CE-A912-D15878688F6A}.Release|iPhone.Build.0 = Release|iPhone
		{A1354ABF-ED0D-47CE-A912-D15878688F6A}.Release|iPhoneSimulator.ActiveCfg = Release|iPhoneSimulator
		{A1354ABF-ED0D-47CE-A912-D15878688F6A}.Release|iPhoneSimulator.Build.0 = Release|iPhoneSimulator
		{A1354ABF-ED0D-47CE-A912-D15878688F6A}.Debug|iPhone.ActiveCfg = Debug|iPhone
		{A1354ABF-ED0D-47CE-A912-D15878688F6A}.Debug|iPhone.Build.0 = Debug|iPhone
	EndGlobalSection
EndGlobal
